// !$*UTF8*$!
{
	archiveVersion = 1;
	classes = {
	};
	objectVersion = 56;
	objects = {

/* Begin PBXBuildFile section */
		3C1707842D21D1F100974BE6 /* AppDelegate.swift in Sources */ = {isa = PBXBuildFile; fileRef = 3C1707832D21D1F100974BE6 /* AppDelegate.swift */; };
		3C1707862D21D1F100974BE6 /* SceneDelegate.swift in Sources */ = {isa = PBXBuildFile; fileRef = 3C1707852D21D1F100974BE6 /* SceneDelegate.swift */; };
		3C1707882D21D1F100974BE6 /* ViewController.swift in Sources */ = {isa = PBXBuildFile; fileRef = 3C1707872D21D1F100974BE6 /* ViewController.swift */; };
		3C17078B2D21D1F100974BE6 /* Main.storyboard in Resources */ = {isa = PBXBuildFile; fileRef = 3C1707892D21D1F100974BE6 /* Main.storyboard */; };
		3C17078D2D21D1F500974BE6 /* Assets.xcassets in Resources */ = {isa = PBXBuildFile; fileRef = 3C17078C2D21D1F500974BE6 /* Assets.xcassets */; };
		3C1707902D21D1F500974BE6 /* LaunchScreen.storyboard in Resources */ = {isa = PBXBuildFile; fileRef = 3C17078E2D21D1F500974BE6 /* LaunchScreen.storyboard */; };
		3C17079B2D21D1F600974BE6 /* Football_ChantsTests.swift in Sources */ = {isa = PBXBuildFile; fileRef = 3C17079A2D21D1F600974BE6 /* Football_ChantsTests.swift */; };
		3C1707A52D21D1F600974BE6 /* Football_ChantsUITests.swift in Sources */ = {isa = PBXBuildFile; fileRef = 3C1707A42D21D1F600974BE6 /* Football_ChantsUITests.swift */; };
		3C1707A72D21D1F600974BE6 /* Football_ChantsUITestsLaunchTests.swift in Sources */ = {isa = PBXBuildFile; fileRef = 3C1707A62D21D1F600974BE6 /* Football_ChantsUITestsLaunchTests.swift */; };
/* End PBXBuildFile section */

/* Begin PBXContainerItemProxy section */
		3C1707972D21D1F600974BE6 /* PBXContainerItemProxy */ = {
			isa = PBXContainerItemProxy;
			containerPortal = 3C1707782D21D1F100974BE6 /* Project object */;
			proxyType = 1;
			remoteGlobalIDString = 3C17077F2D21D1F100974BE6;
			remoteInfo = "Football Chants";
		};
		3C1707A12D21D1F600974BE6 /* PBXContainerItemProxy */ = {
			isa = PBXContainerItemProxy;
			containerPortal = 3C1707782D21D1F100974BE6 /* Project object */;
			proxyType = 1;
			remoteGlobalIDString = 3C17077F2D21D1F100974BE6;
			remoteInfo = "Football Chants";
		};
/* End PBXContainerItemProxy section */

/* Begin PBXFileReference section */
		3C1707802D21D1F100974BE6 /* Football Chants.app */ = {isa = PBXFileReference; explicitFileType = wrapper.application; includeInIndex = 0; path = "Football Chants.app"; sourceTree = BUILT_PRODUCTS_DIR; };
		3C1707832D21D1F100974BE6 /* AppDelegate.swift */ = {isa = PBXFileReference; lastKnownFileType = sourcecode.swift; path = AppDelegate.swift; sourceTree = "<group>"; };
		3C1707852D21D1F100974BE6 /* SceneDelegate.swift */ = {isa = PBXFileReference; lastKnownFileType = sourcecode.swift; path = SceneDelegate.swift; sourceTree = "<group>"; };
		3C1707872D21D1F100974BE6 /* ViewController.swift */ = {isa = PBXFileReference; lastKnownFileType = sourcecode.swift; path = ViewController.swift; sourceTree = "<group>"; };
		3C17078A2D21D1F100974BE6 /* Base */ = {isa = PBXFileReference; lastKnownFileType = file.storyboard; name = Base; path = Base.lproj/Main.storyboard; sourceTree = "<group>"; };
		3C17078C2D21D1F500974BE6 /* Assets.xcassets */ = {isa = PBXFileReference; lastKnownFileType = folder.assetcatalog; path = Assets.xcassets; sourceTree = "<group>"; };
		3C17078F2D21D1F500974BE6 /* Base */ = {isa = PBXFileReference; lastKnownFileType = file.storyboard; name = Base; path = Base.lproj/LaunchScreen.storyboard; sourceTree = "<group>"; };
		3C1707912D21D1F500974BE6 /* Info.plist */ = {isa = PBXFileReference; lastKnownFileType = text.plist.xml; path = Info.plist; sourceTree = "<group>"; };
		3C1707962D21D1F600974BE6 /* Football ChantsTests.xctest */ = {isa = PBXFileReference; explicitFileType = wrapper.cfbundle; includeInIndex = 0; path = "Football ChantsTests.xctest"; sourceTree = BUILT_PRODUCTS_DIR; };
		3C17079A2D21D1F600974BE6 /* Football_ChantsTests.swift */ = {isa = PBXFileReference; lastKnownFileType = sourcecode.swift; path = Football_ChantsTests.swift; sourceTree = "<group>"; };
		3C1707A02D21D1F600974BE6 /* Football ChantsUITests.xctest */ = {isa = PBXFileReference; explicitFileType = wrapper.cfbundle; includeInIndex = 0; path = "Football ChantsUITests.xctest"; sourceTree = BUILT_PRODUCTS_DIR; };
		3C1707A42D21D1F600974BE6 /* Football_ChantsUITests.swift */ = {isa = PBXFileReference; lastKnownFileType = sourcecode.swift; path = Football_ChantsUITests.swift; sourceTree = "<group>"; };
		3C1707A62D21D1F600974BE6 /* Football_ChantsUITestsLaunchTests.swift */ = {isa = PBXFileReference; lastKnownFileType = sourcecode.swift; path = Football_ChantsUITestsLaunchTests.swift; sourceTree = "<group>"; };
/* End PBXFileReference section */

/* Begin PBXFrameworksBuildPhase section */
		3C17077D2D21D1F100974BE6 /* Frameworks */ = {
			isa = PBXFrameworksBuildPhase;
			buildActionMask = 2147483647;
			files = (
			);
			runOnlyForDeploymentPostprocessing = 0;
		};
		3C1707932D21D1F600974BE6 /* Frameworks */ = {
			isa = PBXFrameworksBuildPhase;
			buildActionMask = 2147483647;
			files = (
			);
			runOnlyForDeploymentPostprocessing = 0;
		};
		3C17079D2D21D1F600974BE6 /* Frameworks */ = {
			isa = PBXFrameworksBuildPhase;
			buildActionMask = 2147483647;
			files = (
			);
			runOnlyForDeploymentPostprocessing = 0;
		};
/* End PBXFrameworksBuildPhase section */

/* Begin PBXGroup section */
		3C1707772D21D1F100974BE6 = {
			isa = PBXGroup;
			children = (
				3C1707822D21D1F100974BE6 /* Football Chants */,
				3C1707992D21D1F600974BE6 /* Football ChantsTests */,
				3C1707A32D21D1F600974BE6 /* Football ChantsUITests */,
				3C1707812D21D1F100974BE6 /* Products */,
			);
			sourceTree = "<group>";
		};
		3C1707812D21D1F100974BE6 /* Products */ = {
			isa = PBXGroup;
			children = (
				3C1707802D21D1F100974BE6 /* Football Chants.app */,
				3C1707962D21D1F600974BE6 /* Football ChantsTests.xctest */,
				3C1707A02D21D1F600974BE6 /* Football ChantsUITests.xctest */,
			);
			name = Products;
			sourceTree = "<group>";
		};
		3C1707822D21D1F100974BE6 /* Football Chants */ = {
			isa = PBXGroup;
			children = (
				3C1707832D21D1F100974BE6 /* AppDelegate.swift */,
				3C1707852D21D1F100974BE6 /* SceneDelegate.swift */,
				3C1707872D21D1F100974BE6 /* ViewController.swift */,
				3C1707892D21D1F100974BE6 /* Main.storyboard */,
				3C17078C2D21D1F500974BE6 /* Assets.xcassets */,
				3C17078E2D21D1F500974BE6 /* LaunchScreen.storyboard */,
				3C1707912D21D1F500974BE6 /* Info.plist */,
			);
			path = "Football Chants";
			sourceTree = "<group>";
		};
		3C1707992D21D1F600974BE6 /* Football ChantsTests */ = {
			isa = PBXGroup;
			children = (
				3C17079A2D21D1F600974BE6 /* Football_ChantsTests.swift */,
			);
			path = "Football ChantsTests";
			sourceTree = "<group>";
		};
		3C1707A32D21D1F600974BE6 /* Football ChantsUITests */ = {
			isa = PBXGroup;
			children = (
				3C1707A42D21D1F600974BE6 /* Football_ChantsUITests.swift */,
				3C1707A62D21D1F600974BE6 /* Football_ChantsUITestsLaunchTests.swift */,
			);
			path = "Football ChantsUITests";
			sourceTree = "<group>";
		};
/* End PBXGroup section */

/* Begin PBXNativeTarget section */
		3C17077F2D21D1F100974BE6 /* Football Chants */ = {
			isa = PBXNativeTarget;
			buildConfigurationList = 3C1707AA2D21D1F600974BE6 /* Build configuration list for PBXNativeTarget "Football Chants" */;
			buildPhases = (
				3C17077C2D21D1F100974BE6 /* Sources */,
				3C17077D2D21D1F100974BE6 /* Frameworks */,
				3C17077E2D21D1F100974BE6 /* Resources */,
			);
			buildRules = (
			);
			dependencies = (
			);
			name = "Football Chants";
			productName = "Football Chants";
			productReference = 3C1707802D21D1F100974BE6 /* Football Chants.app */;
			productType = "com.apple.product-type.application";
		};
		3C1707952D21D1F600974BE6 /* Football ChantsTests */ = {
			isa = PBXNativeTarget;
			buildConfigurationList = 3C1707AD2D21D1F600974BE6 /* Build configuration list for PBXNativeTarget "Football ChantsTests" */;
			buildPhases = (
				3C1707922D21D1F600974BE6 /* Sources */,
				3C1707932D21D1F600974BE6 /* Frameworks */,
				3C1707942D21D1F600974BE6 /* Resources */,
			);
			buildRules = (
			);
			dependencies = (
				3C1707982D21D1F600974BE6 /* PBXTargetDependency */,
			);
			name = "Football ChantsTests";
			productName = "Football ChantsTests";
			productReference = 3C1707962D21D1F600974BE6 /* Football ChantsTests.xctest */;
			productType = "com.apple.product-type.bundle.unit-test";
		};
		3C17079F2D21D1F600974BE6 /* Football ChantsUITests */ = {
			isa = PBXNativeTarget;
			buildConfigurationList = 3C1707B02D21D1F600974BE6 /* Build configuration list for PBXNativeTarget "Football ChantsUITests" */;
			buildPhases = (
				3C17079C2D21D1F600974BE6 /* Sources */,
				3C17079D2D21D1F600974BE6 /* Frameworks */,
				3C17079E2D21D1F600974BE6 /* Resources */,
			);
			buildRules = (
			);
			dependencies = (
				3C1707A22D21D1F600974BE6 /* PBXTargetDependency */,
			);
			name = "Football ChantsUITests";
			productName = "Football ChantsUITests";
			productReference = 3C1707A02D21D1F600974BE6 /* Football ChantsUITests.xctest */;
			productType = "com.apple.product-type.bundle.ui-testing";
		};
/* End PBXNativeTarget section */

/* Begin PBXProject section */
		3C1707782D21D1F100974BE6 /* Project object */ = {
			isa = PBXProject;
			attributes = {
				BuildIndependentTargetsInParallel = 1;
				LastSwiftUpdateCheck = 1520;
				LastUpgradeCheck = 1520;
				TargetAttributes = {
					3C17077F2D21D1F100974BE6 = {
						CreatedOnToolsVersion = 15.2;
					};
					3C1707952D21D1F600974BE6 = {
						CreatedOnToolsVersion = 15.2;
						TestTargetID = 3C17077F2D21D1F100974BE6;
					};
					3C17079F2D21D1F600974BE6 = {
						CreatedOnToolsVersion = 15.2;
						TestTargetID = 3C17077F2D21D1F100974BE6;
					};
				};
			};
			buildConfigurationList = 3C17077B2D21D1F100974BE6 /* Build configuration list for PBXProject "Football Chants" */;
			compatibilityVersion = "Xcode 14.0";
			developmentRegion = en;
			hasScannedForEncodings = 0;
			knownRegions = (
				en,
				Base,
			);
			mainGroup = 3C1707772D21D1F100974BE6;
			productRefGroup = 3C1707812D21D1F100974BE6 /* Products */;
			projectDirPath = "";
			projectRoot = "";
			targets = (
				3C17077F2D21D1F100974BE6 /* Football Chants */,
				3C1707952D21D1F600974BE6 /* Football ChantsTests */,
				3C17079F2D21D1F600974BE6 /* Football ChantsUITests */,
			);
		};
/* End PBXProject section */

/* Begin PBXResourcesBuildPhase section */
		3C17077E2D21D1F100974BE6 /* Resources */ = {
			isa = PBXResourcesBuildPhase;
			buildActionMask = 2147483647;
			files = (
				3C1707902D21D1F500974BE6 /* LaunchScreen.storyboard in Resources */,
				3C17078D2D21D1F500974BE6 /* Assets.xcassets in Resources */,
				3C17078B2D21D1F100974BE6 /* Main.storyboard in Resources */,
			);
			runOnlyForDeploymentPostprocessing = 0;
		};
		3C1707942D21D1F600974BE6 /* Resources */ = {
			isa = PBXResourcesBuildPhase;
			buildActionMask = 2147483647;
			files = (
			);
			runOnlyForDeploymentPostprocessing = 0;
		};
		3C17079E2D21D1F600974BE6 /* Resources */ = {
			isa = PBXResourcesBuildPhase;
			buildActionMask = 2147483647;
			files = (
			);
			runOnlyForDeploymentPostprocessing = 0;
		};
/* End PBXResourcesBuildPhase section */

/* Begin PBXSourcesBuildPhase section */
		3C17077C2D21D1F100974BE6 /* Sources */ = {
			isa = PBXSourcesBuildPhase;
			buildActionMask = 2147483647;
			files = (
				3C1707882D21D1F100974BE6 /* ViewController.swift in Sources */,
				3C1707842D21D1F100974BE6 /* AppDelegate.swift in Sources */,
				3C1707862D21D1F100974BE6 /* SceneDelegate.swift in Sources */,
			);
			runOnlyForDeploymentPostprocessing = 0;
		};
		3C1707922D21D1F600974BE6 /* Sources */ = {
			isa = PBXSourcesBuildPhase;
			buildActionMask = 2147483647;
			files = (
				3C17079B2D21D1F600974BE6 /* Football_ChantsTests.swift in Sources */,
			);
			runOnlyForDeploymentPostprocessing = 0;
		};
		3C17079C2D21D1F600974BE6 /* Sources */ = {
			isa = PBXSourcesBuildPhase;
			buildActionMask = 2147483647;
			files = (
				3C1707A72D21D1F600974BE6 /* Football_ChantsUITestsLaunchTests.swift in Sources */,
				3C1707A52D21D1F600974BE6 /* Football_ChantsUITests.swift in Sources */,
			);
			runOnlyForDeploymentPostprocessing = 0;
		};
/* End PBXSourcesBuildPhase section */

/* Begin PBXTargetDependency section */
		3C1707982D21D1F600974BE6 /* PBXTargetDependency */ = {
			isa = PBXTargetDependency;
			target = 3C17077F2D21D1F100974BE6 /* Football Chants */;
			targetProxy = 3C1707972D21D1F600974BE6 /* PBXContainerItemProxy */;
		};
		3C1707A22D21D1F600974BE6 /* PBXTargetDependency */ = {
			isa = PBXTargetDependency;
			target = 3C17077F2D21D1F100974BE6 /* Football Chants */;
			targetProxy = 3C1707A12D21D1F600974BE6 /* PBXContainerItemProxy */;
		};
/* End PBXTargetDependency section */

/* Begin PBXVariantGroup section */
		3C1707892D21D1F100974BE6 /* Main.storyboard */ = {
			isa = PBXVariantGroup;
			children = (
				3C17078A2D21D1F100974BE6 /* Base */,
			);
			name = Main.storyboard;
			sourceTree = "<group>";
		};
		3C17078E2D21D1F500974BE6 /* LaunchScreen.storyboard */ = {
			isa = PBXVariantGroup;
			children = (
				3C17078F2D21D1F500974BE6 /* Base */,
			);
			name = LaunchScreen.storyboard;
			sourceTree = "<group>";
		};
/* End PBXVariantGroup section */

/* Begin XCBuildConfiguration section */
		3C1707A82D21D1F600974BE6 /* Debug */ = {
			isa = XCBuildConfiguration;
			buildSettings = {
				ALWAYS_SEARCH_USER_PATHS = NO;
				ASSETCATALOG_COMPILER_GENERATE_SWIFT_ASSET_SYMBOL_EXTENSIONS = YES;
				CLANG_ANALYZER_NONNULL = YES;
				CLANG_ANALYZER_NUMBER_OBJECT_CONVERSION = YES_AGGRESSIVE;
				CLANG_CXX_LANGUAGE_STANDARD = "gnu++20";
				CLANG_ENABLE_MODULES = YES;
				CLANG_ENABLE_OBJC_ARC = YES;
				CLANG_ENABLE_OBJC_WEAK = YES;
				CLANG_WARN_BLOCK_CAPTURE_AUTORELEASING = YES;
				CLANG_WARN_BOOL_CONVERSION = YES;
				CLANG_WARN_COMMA = YES;
				CLANG_WARN_CONSTANT_CONVERSION = YES;
				CLANG_WARN_DEPRECATED_OBJC_IMPLEMENTATIONS = YES;
				CLANG_WARN_DIRECT_OBJC_ISA_USAGE = YES_ERROR;
				CLANG_WARN_DOCUMENTATION_COMMENTS = YES;
				CLANG_WARN_EMPTY_BODY = YES;
				CLANG_WARN_ENUM_CONVERSION = YES;
				CLANG_WARN_INFINITE_RECURSION = YES;
				CLANG_WARN_INT_CONVERSION = YES;
				CLANG_WARN_NON_LITERAL_NULL_CONVERSION = YES;
				CLANG_WARN_OBJC_IMPLICIT_RETAIN_SELF = YES;
				CLANG_WARN_OBJC_LITERAL_CONVERSION = YES;
				CLANG_WARN_OBJC_ROOT_CLASS = YES_ERROR;
				CLANG_WARN_QUOTED_INCLUDE_IN_FRAMEWORK_HEADER = YES;
				CLANG_WARN_RANGE_LOOP_ANALYSIS = YES;
				CLANG_WARN_STRICT_PROTOTYPES = YES;
				CLANG_WARN_SUSPICIOUS_MOVE = YES;
				CLANG_WARN_UNGUARDED_AVAILABILITY = YES_AGGRESSIVE;
				CLANG_WARN_UNREACHABLE_CODE = YES;
				CLANG_WARN__DUPLICATE_METHOD_MATCH = YES;
				COPY_PHASE_STRIP = NO;
				DEBUG_INFORMATION_FORMAT = dwarf;
				ENABLE_STRICT_OBJC_MSGSEND = YES;
				ENABLE_TESTABILITY = YES;
				ENABLE_USER_SCRIPT_SANDBOXING = YES;
				GCC_C_LANGUAGE_STANDARD = gnu17;
				GCC_DYNAMIC_NO_PIC = NO;
				GCC_NO_COMMON_BLOCKS = YES;
				GCC_OPTIMIZATION_LEVEL = 0;
				GCC_PREPROCESSOR_DEFINITIONS = (
					"DEBUG=1",
					"$(inherited)",
				);
				GCC_WARN_64_TO_32_BIT_CONVERSION = YES;
				GCC_WARN_ABOUT_RETURN_TYPE = YES_ERROR;
				GCC_WARN_UNDECLARED_SELECTOR = YES;
				GCC_WARN_UNINITIALIZED_AUTOS = YES_AGGRESSIVE;
				GCC_WARN_UNUSED_FUNCTION = YES;
				GCC_WARN_UNUSED_VARIABLE = YES;
				IPHONEOS_DEPLOYMENT_TARGET = 17.2;
				LOCALIZATION_PREFERS_STRING_CATALOGS = YES;
				MTL_ENABLE_DEBUG_INFO = INCLUDE_SOURCE;
				MTL_FAST_MATH = YES;
				ONLY_ACTIVE_ARCH = YES;
				SDKROOT = iphoneos;
				SWIFT_ACTIVE_COMPILATION_CONDITIONS = "DEBUG $(inherited)";
				SWIFT_OPTIMIZATION_LEVEL = "-Onone";
			};
			name = Debug;
		};
		3C1707A92D21D1F600974BE6 /* Release */ = {
			isa = XCBuildConfiguration;
			buildSettings = {
				ALWAYS_SEARCH_USER_PATHS = NO;
				ASSETCATALOG_COMPILER_GENERATE_SWIFT_ASSET_SYMBOL_EXTENSIONS = YES;
				CLANG_ANALYZER_NONNULL = YES;
				CLANG_ANALYZER_NUMBER_OBJECT_CONVERSION = YES_AGGRESSIVE;
				CLANG_CXX_LANGUAGE_STANDARD = "gnu++20";
				CLANG_ENABLE_MODULES = YES;
				CLANG_ENABLE_OBJC_ARC = YES;
				CLANG_ENABLE_OBJC_WEAK = YES;
				CLANG_WARN_BLOCK_CAPTURE_AUTORELEASING = YES;
				CLANG_WARN_BOOL_CONVERSION = YES;
				CLANG_WARN_COMMA = YES;
				CLANG_WARN_CONSTANT_CONVERSION = YES;
				CLANG_WARN_DEPRECATED_OBJC_IMPLEMENTATIONS = YES;
				CLANG_WARN_DIRECT_OBJC_ISA_USAGE = YES_ERROR;
				CLANG_WARN_DOCUMENTATION_COMMENTS = YES;
				CLANG_WARN_EMPTY_BODY = YES;
				CLANG_WARN_ENUM_CONVERSION = YES;
				CLANG_WARN_INFINITE_RECURSION = YES;
				CLANG_WARN_INT_CONVERSION = YES;
				CLANG_WARN_NON_LITERAL_NULL_CONVERSION = YES;
				CLANG_WARN_OBJC_IMPLICIT_RETAIN_SELF = YES;
				CLANG_WARN_OBJC_LITERAL_CONVERSION = YES;
				CLANG_WARN_OBJC_ROOT_CLASS = YES_ERROR;
				CLANG_WARN_QUOTED_INCLUDE_IN_FRAMEWORK_HEADER = YES;
				CLANG_WARN_RANGE_LOOP_ANALYSIS = YES;
				CLANG_WARN_STRICT_PROTOTYPES = YES;
				CLANG_WARN_SUSPICIOUS_MOVE = YES;
				CLANG_WARN_UNGUARDED_AVAILABILITY = YES_AGGRESSIVE;
				CLANG_WARN_UNREACHABLE_CODE = YES;
				CLANG_WARN__DUPLICATE_METHOD_MATCH = YES;
				COPY_PHASE_STRIP = NO;
				DEBUG_INFORMATION_FORMAT = "dwarf-with-dsym";
				ENABLE_NS_ASSERTIONS = NO;
				ENABLE_STRICT_OBJC_MSGSEND = YES;
				ENABLE_USER_SCRIPT_SANDBOXING = YES;
				GCC_C_LANGUAGE_STANDARD = gnu17;
				GCC_NO_COMMON_BLOCKS = YES;
				GCC_WARN_64_TO_32_BIT_CONVERSION = YES;
				GCC_WARN_ABOUT_RETURN_TYPE = YES_ERROR;
				GCC_WARN_UNDECLARED_SELECTOR = YES;
				GCC_WARN_UNINITIALIZED_AUTOS = YES_AGGRESSIVE;
				GCC_WARN_UNUSED_FUNCTION = YES;
				GCC_WARN_UNUSED_VARIABLE = YES;
				IPHONEOS_DEPLOYMENT_TARGET = 17.2;
				LOCALIZATION_PREFERS_STRING_CATALOGS = YES;
				MTL_ENABLE_DEBUG_INFO = NO;
				MTL_FAST_MATH = YES;
				SDKROOT = iphoneos;
				SWIFT_COMPILATION_MODE = wholemodule;
				VALIDATE_PRODUCT = YES;
			};
			name = Release;
		};
		3C1707AB2D21D1F600974BE6 /* Debug */ = {
			isa = XCBuildConfiguration;
			buildSettings = {
				ASSETCATALOG_COMPILER_APPICON_NAME = AppIcon;
				ASSETCATALOG_COMPILER_GLOBAL_ACCENT_COLOR_NAME = AccentColor;
				CODE_SIGN_STYLE = Automatic;
				CURRENT_PROJECT_VERSION = 1;
				GENERATE_INFOPLIST_FILE = YES;
				INFOPLIST_FILE = "Football Chants/Info.plist";
				INFOPLIST_KEY_UIApplicationSupportsIndirectInputEvents = YES;
				INFOPLIST_KEY_UILaunchStoryboardName = LaunchScreen;
				INFOPLIST_KEY_UIMainStoryboardFile = Main;
				INFOPLIST_KEY_UISupportedInterfaceOrientations_iPad = "UIInterfaceOrientationPortrait UIInterfaceOrientationPortraitUpsideDown UIInterfaceOrientationLandscapeLeft UIInterfaceOrientationLandscapeRight";
				INFOPLIST_KEY_UISupportedInterfaceOrientations_iPhone = "UIInterfaceOrientationPortrait UIInterfaceOrientationLandscapeLeft UIInterfaceOrientationLandscapeRight";
				LD_RUNPATH_SEARCH_PATHS = (
					"$(inherited)",
					"@executable_path/Frameworks",
				);
				MARKETING_VERSION = 1.0;
				PRODUCT_BUNDLE_IDENTIFIER = "bantu.io.Football-Chants";
				PRODUCT_NAME = "$(TARGET_NAME)";
				SWIFT_EMIT_LOC_STRINGS = YES;
				SWIFT_VERSION = 5.0;
				TARGETED_DEVICE_FAMILY = "1,2";
			};
			name = Debug;
		};
		3C1707AC2D21D1F600974BE6 /* Release */ = {
			isa = XCBuildConfiguration;
			buildSettings = {
				ASSETCATALOG_COMPILER_APPICON_NAME = AppIcon;
				ASSETCATALOG_COMPILER_GLOBAL_ACCENT_COLOR_NAME = AccentColor;
				CODE_SIGN_STYLE = Automatic;
				CURRENT_PROJECT_VERSION = 1;
				GENERATE_INFOPLIST_FILE = YES;
				INFOPLIST_FILE = "Football Chants/Info.plist";
				INFOPLIST_KEY_UIApplicationSupportsIndirectInputEvents = YES;
				INFOPLIST_KEY_UILaunchStoryboardName = LaunchScreen;
				INFOPLIST_KEY_UIMainStoryboardFile = Main;
				INFOPLIST_KEY_UISupportedInterfaceOrientations_iPad = "UIInterfaceOrientationPortrait UIInterfaceOrientationPortraitUpsideDown UIInterfaceOrientationLandscapeLeft UIInterfaceOrientationLandscapeRight";
				INFOPLIST_KEY_UISupportedInterfaceOrientations_iPhone = "UIInterfaceOrientationPortrait UIInterfaceOrientationLandscapeLeft UIInterfaceOrientationLandscapeRight";
				LD_RUNPATH_SEARCH_PATHS = (
					"$(inherited)",
					"@executable_path/Frameworks",
				);
				MARKETING_VERSION = 1.0;
				PRODUCT_BUNDLE_IDENTIFIER = "bantu.io.Football-Chants";
				PRODUCT_NAME = "$(TARGET_NAME)";
				SWIFT_EMIT_LOC_STRINGS = YES;
				SWIFT_VERSION = 5.0;
				TARGETED_DEVICE_FAMILY = "1,2";
			};
			name = Release;
		};
		3C1707AE2D21D1F600974BE6 /* Debug */ = {
			isa = XCBuildConfiguration;
			buildSettings = {
				ALWAYS_EMBED_SWIFT_STANDARD_LIBRARIES = YES;
				BUNDLE_LOADER = "$(TEST_HOST)";
				CODE_SIGN_STYLE = Automatic;
				CURRENT_PROJECT_VERSION = 1;
				GENERATE_INFOPLIST_FILE = YES;
				IPHONEOS_DEPLOYMENT_TARGET = 17.2;
				MARKETING_VERSION = 1.0;
				PRODUCT_BUNDLE_IDENTIFIER = "bantu.io.Football-ChantsTests";
				PRODUCT_NAME = "$(TARGET_NAME)";
				SWIFT_EMIT_LOC_STRINGS = NO;
				SWIFT_VERSION = 5.0;
				TARGETED_DEVICE_FAMILY = "1,2";
				TEST_HOST = "$(BUILT_PRODUCTS_DIR)/Football Chants.app/$(BUNDLE_EXECUTABLE_FOLDER_PATH)/Football Chants";
			};
			name = Debug;
		};
		3C1707AF2D21D1F600974BE6 /* Release */ = {
			isa = XCBuildConfiguration;
			buildSettings = {
				ALWAYS_EMBED_SWIFT_STANDARD_LIBRARIES = YES;
				BUNDLE_LOADER = "$(TEST_HOST)";
				CODE_SIGN_STYLE = Automatic;
				CURRENT_PROJECT_VERSION = 1;
				GENERATE_INFOPLIST_FILE = YES;
				IPHONEOS_DEPLOYMENT_TARGET = 17.2;
				MARKETING_VERSION = 1.0;
				PRODUCT_BUNDLE_IDENTIFIER = "bantu.io.Football-ChantsTests";
				PRODUCT_NAME = "$(TARGET_NAME)";
				SWIFT_EMIT_LOC_STRINGS = NO;
				SWIFT_VERSION = 5.0;
				TARGETED_DEVICE_FAMILY = "1,2";
				TEST_HOST = "$(BUILT_PRODUCTS_DIR)/Football Chants.app/$(BUNDLE_EXECUTABLE_FOLDER_PATH)/Football Chants";
			};
			name = Release;
		};
		3C1707B12D21D1F600974BE6 /* Debug */ = {
			isa = XCBuildConfiguration;
			buildSettings = {
				ALWAYS_EMBED_SWIFT_STANDARD_LIBRARIES = YES;
				CODE_SIGN_STYLE = Automatic;
				CURRENT_PROJECT_VERSION = 1;
				GENERATE_INFOPLIST_FILE = YES;
				MARKETING_VERSION = 1.0;
				PRODUCT_BUNDLE_IDENTIFIER = "bantu.io.Football-ChantsUITests";
				PRODUCT_NAME = "$(TARGET_NAME)";
				SWIFT_EMIT_LOC_STRINGS = NO;
				SWIFT_VERSION = 5.0;
				TARGETED_DEVICE_FAMILY = "1,2";
				TEST_TARGET_NAME = "Football Chants";
			};
			name = Debug;
		};
		3C1707B22D21D1F600974BE6 /* Release */ = {
			isa = XCBuildConfiguration;
			buildSettings = {
				ALWAYS_EMBED_SWIFT_STANDARD_LIBRARIES = YES;
				CODE_SIGN_STYLE = Automatic;
				CURRENT_PROJECT_VERSION = 1;
				GENERATE_INFOPLIST_FILE = YES;
				MARKETING_VERSION = 1.0;
				PRODUCT_BUNDLE_IDENTIFIER = "bantu.io.Football-ChantsUITests";
				PRODUCT_NAME = "$(TARGET_NAME)";
				SWIFT_EMIT_LOC_STRINGS = NO;
				SWIFT_VERSION = 5.0;
				TARGETED_DEVICE_FAMILY = "1,2";
				TEST_TARGET_NAME = "Football Chants";
			};
			name = Release;
		};
/* End XCBuildConfiguration section */

/* Begin XCConfigurationList section */
		3C17077B2D21D1F100974BE6 /* Build configuration list for PBXProject "Football Chants" */ = {
			isa = XCConfigurationList;
			buildConfigurations = (
				3C1707A82D21D1F600974BE6 /* Debug */,
				3C1707A92D21D1F600974BE6 /* Release */,
			);
			defaultConfigurationIsVisible = 0;
			defaultConfigurationName = Release;
		};
		3C1707AA2D21D1F600974BE6 /* Build configuration list for PBXNativeTarget "Football Chants" */ = {
			isa = XCConfigurationList;
			buildConfigurations = (
				3C1707AB2D21D1F600974BE6 /* Debug */,
				3C1707AC2D21D1F600974BE6 /* Release */,
			);
			defaultConfigurationIsVisible = 0;
			defaultConfigurationName = Release;
		};
		3C1707AD2D21D1F600974BE6 /* Build configuration list for PBXNativeTarget "Football ChantsTests" */ = {
			isa = XCConfigurationList;
			buildConfigurations = (
				3C1707AE2D21D1F600974BE6 /* Debug */,
				3C1707AF2D21D1F600974BE6 /* Release */,
			);
			defaultConfigurationIsVisible = 0;
			defaultConfigurationName = Release;
		};
		3C1707B02D21D1F600974BE6 /* Build configuration list for PBXNativeTarget "Football ChantsUITests" */ = {
			isa = XCConfigurationList;
			buildConfigurations = (
				3C1707B12D21D1F600974BE6 /* Debug */,
				3C1707B22D21D1F600974BE6 /* Release */,
			);
			defaultConfigurationIsVisible = 0;
			defaultConfigurationName = Release;
		};
/* End XCConfigurationList section */
	};
	rootObject = 3C1707782D21D1F100974BE6 /* Project object */;
}
